// !$*UTF8*$!
{
	archiveVersion = 1;
	classes = {
	};
	objectVersion = 46;
	objects = {

/* Begin PBXBuildFile section */
		E93EABAF1AF7E7C00099F731 /* main.m in Sources */ = {isa = PBXBuildFile; fileRef = E93EABAE1AF7E7C00099F731 /* main.m */; };
		E93EABB21AF7E7C00099F731 /* AppDelegate.m in Sources */ = {isa = PBXBuildFile; fileRef = E93EABB11AF7E7C00099F731 /* AppDelegate.m */; };
		E93EABB51AF7E7C00099F731 /* BestBikeShareAppEverBro.xcdatamodeld in Sources */ = {isa = PBXBuildFile; fileRef = E93EABB31AF7E7C00099F731 /* BestBikeShareAppEverBro.xcdatamodeld */; };
		E93EABBB1AF7E7C00099F731 /* Main.storyboard in Resources */ = {isa = PBXBuildFile; fileRef = E93EABB91AF7E7C00099F731 /* Main.storyboard */; };
		E93EABBD1AF7E7C00099F731 /* Images.xcassets in Resources */ = {isa = PBXBuildFile; fileRef = E93EABBC1AF7E7C00099F731 /* Images.xcassets */; };
		E93EABC01AF7E7C00099F731 /* LaunchScreen.xib in Resources */ = {isa = PBXBuildFile; fileRef = E93EABBE1AF7E7C00099F731 /* LaunchScreen.xib */; };
		E93EABCC1AF7E7C00099F731 /* BestBikeShareAppEverBroTests.m in Sources */ = {isa = PBXBuildFile; fileRef = E93EABCB1AF7E7C00099F731 /* BestBikeShareAppEverBroTests.m */; };
		E93EABD71AF7E8020099F731 /* MapViewController.m in Sources */ = {isa = PBXBuildFile; fileRef = E93EABD61AF7E8020099F731 /* MapViewController.m */; };
		E93EABDA1AF7E84A0099F731 /* CoreLocation.framework in Frameworks */ = {isa = PBXBuildFile; fileRef = E93EABD91AF7E84A0099F731 /* CoreLocation.framework */; };
		E93EABDC1AF7E8520099F731 /* MapKit.framework in Frameworks */ = {isa = PBXBuildFile; fileRef = E93EABDB1AF7E8520099F731 /* MapKit.framework */; };
		E93EABDF1AF7F7B90099F731 /* BikeShareViewController.m in Sources */ = {isa = PBXBuildFile; fileRef = E93EABDE1AF7F7B90099F731 /* BikeShareViewController.m */; };
		E93EABE21AF7F9830099F731 /* FavoritesCollectionViewController.m in Sources */ = {isa = PBXBuildFile; fileRef = E93EABE11AF7F9830099F731 /* FavoritesCollectionViewController.m */; };
/* End PBXBuildFile section */

/* Begin PBXContainerItemProxy section */
		E93EABC61AF7E7C00099F731 /* PBXContainerItemProxy */ = {
			isa = PBXContainerItemProxy;
			containerPortal = E93EABA11AF7E7C00099F731 /* Project object */;
			proxyType = 1;
			remoteGlobalIDString = E93EABA81AF7E7C00099F731;
			remoteInfo = BestBikeShareAppEverBro;
		};
/* End PBXContainerItemProxy section */

/* Begin PBXFileReference section */
		E93EABA91AF7E7C00099F731 /* BestBikeShareAppEverBro.app */ = {isa = PBXFileReference; explicitFileType = wrapper.application; includeInIndex = 0; path = BestBikeShareAppEverBro.app; sourceTree = BUILT_PRODUCTS_DIR; };
		E93EABAD1AF7E7C00099F731 /* Info.plist */ = {isa = PBXFileReference; lastKnownFileType = text.plist.xml; path = Info.plist; sourceTree = "<group>"; };
		E93EABAE1AF7E7C00099F731 /* main.m */ = {isa = PBXFileReference; lastKnownFileType = sourcecode.c.objc; path = main.m; sourceTree = "<group>"; };
		E93EABB01AF7E7C00099F731 /* AppDelegate.h */ = {isa = PBXFileReference; lastKnownFileType = sourcecode.c.h; path = AppDelegate.h; sourceTree = "<group>"; };
		E93EABB11AF7E7C00099F731 /* AppDelegate.m */ = {isa = PBXFileReference; lastKnownFileType = sourcecode.c.objc; path = AppDelegate.m; sourceTree = "<group>"; };
		E93EABB41AF7E7C00099F731 /* BestBikeShareAppEverBro.xcdatamodel */ = {isa = PBXFileReference; lastKnownFileType = wrapper.xcdatamodel; path = BestBikeShareAppEverBro.xcdatamodel; sourceTree = "<group>"; };
		E93EABBA1AF7E7C00099F731 /* Base */ = {isa = PBXFileReference; lastKnownFileType = file.storyboard; name = Base; path = Base.lproj/Main.storyboard; sourceTree = "<group>"; };
		E93EABBC1AF7E7C00099F731 /* Images.xcassets */ = {isa = PBXFileReference; lastKnownFileType = folder.assetcatalog; path = Images.xcassets; sourceTree = "<group>"; };
		E93EABBF1AF7E7C00099F731 /* Base */ = {isa = PBXFileReference; lastKnownFileType = file.xib; name = Base; path = Base.lproj/LaunchScreen.xib; sourceTree = "<group>"; };
		E93EABC51AF7E7C00099F731 /* BestBikeShareAppEverBroTests.xctest */ = {isa = PBXFileReference; explicitFileType = wrapper.cfbundle; includeInIndex = 0; path = BestBikeShareAppEverBroTests.xctest; sourceTree = BUILT_PRODUCTS_DIR; };
		E93EABCA1AF7E7C00099F731 /* Info.plist */ = {isa = PBXFileReference; lastKnownFileType = text.plist.xml; path = Info.plist; sourceTree = "<group>"; };
		E93EABCB1AF7E7C00099F731 /* BestBikeShareAppEverBroTests.m */ = {isa = PBXFileReference; lastKnownFileType = sourcecode.c.objc; path = BestBikeShareAppEverBroTests.m; sourceTree = "<group>"; };
		E93EABD51AF7E8020099F731 /* MapViewController.h */ = {isa = PBXFileReference; fileEncoding = 4; lastKnownFileType = sourcecode.c.h; path = MapViewController.h; sourceTree = "<group>"; };
		E93EABD61AF7E8020099F731 /* MapViewController.m */ = {isa = PBXFileReference; fileEncoding = 4; lastKnownFileType = sourcecode.c.objc; path = MapViewController.m; sourceTree = "<group>"; };
		E93EABD91AF7E84A0099F731 /* CoreLocation.framework */ = {isa = PBXFileReference; lastKnownFileType = wrapper.framework; name = CoreLocation.framework; path = System/Library/Frameworks/CoreLocation.framework; sourceTree = SDKROOT; };
		E93EABDB1AF7E8520099F731 /* MapKit.framework */ = {isa = PBXFileReference; lastKnownFileType = wrapper.framework; name = MapKit.framework; path = System/Library/Frameworks/MapKit.framework; sourceTree = SDKROOT; };
		E93EABDD1AF7F7B90099F731 /* BikeShareViewController.h */ = {isa = PBXFileReference; fileEncoding = 4; lastKnownFileType = sourcecode.c.h; path = BikeShareViewController.h; sourceTree = "<group>"; };
		E93EABDE1AF7F7B90099F731 /* BikeShareViewController.m */ = {isa = PBXFileReference; fileEncoding = 4; lastKnownFileType = sourcecode.c.objc; path = BikeShareViewController.m; sourceTree = "<group>"; };
		E93EABE01AF7F9830099F731 /* FavoritesCollectionViewController.h */ = {isa = PBXFileReference; fileEncoding = 4; lastKnownFileType = sourcecode.c.h; path = FavoritesCollectionViewController.h; sourceTree = "<group>"; };
		E93EABE11AF7F9830099F731 /* FavoritesCollectionViewController.m */ = {isa = PBXFileReference; fileEncoding = 4; lastKnownFileType = sourcecode.c.objc; path = FavoritesCollectionViewController.m; sourceTree = "<group>"; };
/* End PBXFileReference section */

/* Begin PBXFrameworksBuildPhase section */
		E93EABA61AF7E7C00099F731 /* Frameworks */ = {
			isa = PBXFrameworksBuildPhase;
			buildActionMask = 2147483647;
			files = (
				E93EABDC1AF7E8520099F731 /* MapKit.framework in Frameworks */,
				E93EABDA1AF7E84A0099F731 /* CoreLocation.framework in Frameworks */,
			);
			runOnlyForDeploymentPostprocessing = 0;
		};
		E93EABC21AF7E7C00099F731 /* Frameworks */ = {
			isa = PBXFrameworksBuildPhase;
			buildActionMask = 2147483647;
			files = (
			);
			runOnlyForDeploymentPostprocessing = 0;
		};
/* End PBXFrameworksBuildPhase section */

/* Begin PBXGroup section */
		E93EABA01AF7E7C00099F731 = {
			isa = PBXGroup;
			children = (
				E93EABDB1AF7E8520099F731 /* MapKit.framework */,
				E93EABD91AF7E84A0099F731 /* CoreLocation.framework */,
				E93EABD81AF7E8120099F731 /* Controllers */,
				E93EABAB1AF7E7C00099F731 /* BestBikeShareAppEverBro */,
				E93EABC81AF7E7C00099F731 /* BestBikeShareAppEverBroTests */,
				E93EABAA1AF7E7C00099F731 /* Products */,
			);
			sourceTree = "<group>";
		};
		E93EABAA1AF7E7C00099F731 /* Products */ = {
			isa = PBXGroup;
			children = (
				E93EABA91AF7E7C00099F731 /* BestBikeShareAppEverBro.app */,
				E93EABC51AF7E7C00099F731 /* BestBikeShareAppEverBroTests.xctest */,
			);
			name = Products;
			sourceTree = "<group>";
		};
		E93EABAB1AF7E7C00099F731 /* BestBikeShareAppEverBro */ = {
			isa = PBXGroup;
			children = (
				E93EABB01AF7E7C00099F731 /* AppDelegate.h */,
				E93EABB11AF7E7C00099F731 /* AppDelegate.m */,
				E93EABB91AF7E7C00099F731 /* Main.storyboard */,
				E93EABBC1AF7E7C00099F731 /* Images.xcassets */,
				E93EABBE1AF7E7C00099F731 /* LaunchScreen.xib */,
				E93EABB31AF7E7C00099F731 /* BestBikeShareAppEverBro.xcdatamodeld */,
				E93EABAC1AF7E7C00099F731 /* Supporting Files */,
			);
			path = BestBikeShareAppEverBro;
			sourceTree = "<group>";
		};
		E93EABAC1AF7E7C00099F731 /* Supporting Files */ = {
			isa = PBXGroup;
			children = (
				E93EABAD1AF7E7C00099F731 /* Info.plist */,
				E93EABAE1AF7E7C00099F731 /* main.m */,
			);
			name = "Supporting Files";
			sourceTree = "<group>";
		};
		E93EABC81AF7E7C00099F731 /* BestBikeShareAppEverBroTests */ = {
			isa = PBXGroup;
			children = (
				E93EABCB1AF7E7C00099F731 /* BestBikeShareAppEverBroTests.m */,
				E93EABC91AF7E7C00099F731 /* Supporting Files */,
			);
			path = BestBikeShareAppEverBroTests;
			sourceTree = "<group>";
		};
		E93EABC91AF7E7C00099F731 /* Supporting Files */ = {
			isa = PBXGroup;
			children = (
				E93EABCA1AF7E7C00099F731 /* Info.plist */,
			);
			name = "Supporting Files";
			sourceTree = "<group>";
		};
		E93EABD81AF7E8120099F731 /* Controllers */ = {
			isa = PBXGroup;
			children = (
				E93EABD51AF7E8020099F731 /* MapViewController.h */,
				E93EABD61AF7E8020099F731 /* MapViewController.m */,
				E93EABDD1AF7F7B90099F731 /* BikeShareViewController.h */,
				E93EABDE1AF7F7B90099F731 /* BikeShareViewController.m */,
				E93EABE01AF7F9830099F731 /* FavoritesCollectionViewController.h */,
				E93EABE11AF7F9830099F731 /* FavoritesCollectionViewController.m */,
			);
			name = Controllers;
			sourceTree = "<group>";
		};
/* End PBXGroup section */

/* Begin PBXNativeTarget section */
		E93EABA81AF7E7C00099F731 /* BestBikeShareAppEverBro */ = {
			isa = PBXNativeTarget;
			buildConfigurationList = E93EABCF1AF7E7C00099F731 /* Build configuration list for PBXNativeTarget "BestBikeShareAppEverBro" */;
			buildPhases = (
				E93EABA51AF7E7C00099F731 /* Sources */,
				E93EABA61AF7E7C00099F731 /* Frameworks */,
				E93EABA71AF7E7C00099F731 /* Resources */,
			);
			buildRules = (
			);
			dependencies = (
			);
			name = BestBikeShareAppEverBro;
			productName = BestBikeShareAppEverBro;
			productReference = E93EABA91AF7E7C00099F731 /* BestBikeShareAppEverBro.app */;
			productType = "com.apple.product-type.application";
		};
		E93EABC41AF7E7C00099F731 /* BestBikeShareAppEverBroTests */ = {
			isa = PBXNativeTarget;
			buildConfigurationList = E93EABD21AF7E7C00099F731 /* Build configuration list for PBXNativeTarget "BestBikeShareAppEverBroTests" */;
			buildPhases = (
				E93EABC11AF7E7C00099F731 /* Sources */,
				E93EABC21AF7E7C00099F731 /* Frameworks */,
				E93EABC31AF7E7C00099F731 /* Resources */,
			);
			buildRules = (
			);
			dependencies = (
				E93EABC71AF7E7C00099F731 /* PBXTargetDependency */,
			);
			name = BestBikeShareAppEverBroTests;
			productName = BestBikeShareAppEverBroTests;
			productReference = E93EABC51AF7E7C00099F731 /* BestBikeShareAppEverBroTests.xctest */;
			productType = "com.apple.product-type.bundle.unit-test";
		};
/* End PBXNativeTarget section */

/* Begin PBXProject section */
		E93EABA11AF7E7C00099F731 /* Project object */ = {
			isa = PBXProject;
			attributes = {
				LastUpgradeCheck = 0630;
				ORGANIZATIONNAME = "Hemant V. Torsekar";
				TargetAttributes = {
					E93EABA81AF7E7C00099F731 = {
						CreatedOnToolsVersion = 6.3.1;
					};
					E93EABC41AF7E7C00099F731 = {
						CreatedOnToolsVersion = 6.3.1;
						TestTargetID = E93EABA81AF7E7C00099F731;
					};
				};
			};
			buildConfigurationList = E93EABA41AF7E7C00099F731 /* Build configuration list for PBXProject "BestBikeShareAppEverBro" */;
			compatibilityVersion = "Xcode 3.2";
			developmentRegion = English;
			hasScannedForEncodings = 0;
			knownRegions = (
				en,
				Base,
			);
			mainGroup = E93EABA01AF7E7C00099F731;
			productRefGroup = E93EABAA1AF7E7C00099F731 /* Products */;
			projectDirPath = "";
			projectRoot = "";
			targets = (
				E93EABA81AF7E7C00099F731 /* BestBikeShareAppEverBro */,
				E93EABC41AF7E7C00099F731 /* BestBikeShareAppEverBroTests */,
			);
		};
/* End PBXProject section */

/* Begin PBXResourcesBuildPhase section */
		E93EABA71AF7E7C00099F731 /* Resources */ = {
			isa = PBXResourcesBuildPhase;
			buildActionMask = 2147483647;
			files = (
				E93EABBB1AF7E7C00099F731 /* Main.storyboard in Resources */,
				E93EABC01AF7E7C00099F731 /* LaunchScreen.xib in Resources */,
				E93EABBD1AF7E7C00099F731 /* Images.xcassets in Resources */,
			);
			runOnlyForDeploymentPostprocessing = 0;
		};
		E93EABC31AF7E7C00099F731 /* Resources */ = {
			isa = PBXResourcesBuildPhase;
			buildActionMask = 2147483647;
			files = (
			);
			runOnlyForDeploymentPostprocessing = 0;
		};
/* End PBXResourcesBuildPhase section */

/* Begin PBXSourcesBuildPhase section */
		E93EABA51AF7E7C00099F731 /* Sources */ = {
			isa = PBXSourcesBuildPhase;
			buildActionMask = 2147483647;
			files = (
				E93EABB51AF7E7C00099F731 /* BestBikeShareAppEverBro.xcdatamodeld in Sources */,
				E93EABB21AF7E7C00099F731 /* AppDelegate.m in Sources */,
				E93EABD71AF7E8020099F731 /* MapViewController.m in Sources */,
				E93EABAF1AF7E7C00099F731 /* main.m in Sources */,
				E93EABE21AF7F9830099F731 /* FavoritesCollectionViewController.m in Sources */,
				E93EABDF1AF7F7B90099F731 /* BikeShareViewController.m in Sources */,
			);
			runOnlyForDeploymentPostprocessing = 0;
		};
		E93EABC11AF7E7C00099F731 /* Sources */ = {
			isa = PBXSourcesBuildPhase;
			buildActionMask = 2147483647;
			files = (
				E93EABCC1AF7E7C00099F731 /* BestBikeShareAppEverBroTests.m in Sources */,
			);
			runOnlyForDeploymentPostprocessing = 0;
		};
/* End PBXSourcesBuildPhase section */

/* Begin PBXTargetDependency section */
		E93EABC71AF7E7C00099F731 /* PBXTargetDependency */ = {
			isa = PBXTargetDependency;
			target = E93EABA81AF7E7C00099F731 /* BestBikeShareAppEverBro */;
			targetProxy = E93EABC61AF7E7C00099F731 /* PBXContainerItemProxy */;
		};
/* End PBXTargetDependency section */

/* Begin PBXVariantGroup section */
		E93EABB91AF7E7C00099F731 /* Main.storyboard */ = {
			isa = PBXVariantGroup;
			children = (
				E93EABBA1AF7E7C00099F731 /* Base */,
			);
			name = Main.storyboard;
			sourceTree = "<group>";
		};
		E93EABBE1AF7E7C00099F731 /* LaunchScreen.xib */ = {
			isa = PBXVariantGroup;
			children = (
				E93EABBF1AF7E7C00099F731 /* Base */,
			);
			name = LaunchScreen.xib;
			sourceTree = "<group>";
		};
/* End PBXVariantGroup section */

/* Begin XCBuildConfiguration section */
		E93EABCD1AF7E7C00099F731 /* Debug */ = {
			isa = XCBuildConfiguration;
			buildSettings = {
				ALWAYS_SEARCH_USER_PATHS = NO;
				CLANG_CXX_LANGUAGE_STANDARD = "gnu++0x";
				CLANG_CXX_LIBRARY = "libc++";
				CLANG_ENABLE_MODULES = YES;
				CLANG_ENABLE_OBJC_ARC = YES;
				CLANG_WARN_BOOL_CONVERSION = YES;
				CLANG_WARN_CONSTANT_CONVERSION = YES;
				CLANG_WARN_DIRECT_OBJC_ISA_USAGE = YES_ERROR;
				CLANG_WARN_EMPTY_BODY = YES;
				CLANG_WARN_ENUM_CONVERSION = YES;
				CLANG_WARN_INT_CONVERSION = YES;
				CLANG_WARN_OBJC_ROOT_CLASS = YES_ERROR;
				CLANG_WARN_UNREACHABLE_CODE = YES;
				CLANG_WARN__DUPLICATE_METHOD_MATCH = YES;
				"CODE_SIGN_IDENTITY[sdk=iphoneos*]" = "iPhone Developer";
				COPY_PHASE_STRIP = NO;
				DEBUG_INFORMATION_FORMAT = "dwarf-with-dsym";
				ENABLE_STRICT_OBJC_MSGSEND = YES;
				GCC_C_LANGUAGE_STANDARD = gnu99;
				GCC_DYNAMIC_NO_PIC = NO;
				GCC_NO_COMMON_BLOCKS = YES;
				GCC_OPTIMIZATION_LEVEL = 0;
				GCC_PREPROCESSOR_DEFINITIONS = (
					"DEBUG=1",
					"$(inherited)",
				);
				GCC_SYMBOLS_PRIVATE_EXTERN = NO;
				GCC_WARN_64_TO_32_BIT_CONVERSION = YES;
				GCC_WARN_ABOUT_RETURN_TYPE = YES_ERROR;
				GCC_WARN_UNDECLARED_SELECTOR = YES;
				GCC_WARN_UNINITIALIZED_AUTOS = YES_AGGRESSIVE;
				GCC_WARN_UNUSED_FUNCTION = YES;
				GCC_WARN_UNUSED_VARIABLE = YES;
				IPHONEOS_DEPLOYMENT_TARGET = 8.3;
				MTL_ENABLE_DEBUG_INFO = YES;
				ONLY_ACTIVE_ARCH = YES;
				SDKROOT = iphoneos;
			};
			name = Debug;
		};
		E93EABCE1AF7E7C00099F731 /* Release */ = {
			isa = XCBuildConfiguration;
			buildSettings = {
				ALWAYS_SEARCH_USER_PATHS = NO;
				CLANG_CXX_LANGUAGE_STANDARD = "gnu++0x";
				CLANG_CXX_LIBRARY = "libc++";
				CLANG_ENABLE_MODULES = YES;
				CLANG_ENABLE_OBJC_ARC = YES;
				CLANG_WARN_BOOL_CONVERSION = YES;
				CLANG_WARN_CONSTANT_CONVERSION = YES;
				CLANG_WARN_DIRECT_OBJC_ISA_USAGE = YES_ERROR;
				CLANG_WARN_EMPTY_BODY = YES;
				CLANG_WARN_ENUM_CONVERSION = YES;
				CLANG_WARN_INT_CONVERSION = YES;
				CLANG_WARN_OBJC_ROOT_CLASS = YES_ERROR;
				CLANG_WARN_UNREACHABLE_CODE = YES;
				CLANG_WARN__DUPLICATE_METHOD_MATCH = YES;
				"CODE_SIGN_IDENTITY[sdk=iphoneos*]" = "iPhone Developer";
				COPY_PHASE_STRIP = NO;
				DEBUG_INFORMATION_FORMAT = "dwarf-with-dsym";
				ENABLE_NS_ASSERTIONS = NO;
				ENABLE_STRICT_OBJC_MSGSEND = YES;
				GCC_C_LANGUAGE_STANDARD = gnu99;
				GCC_NO_COMMON_BLOCKS = YES;
				GCC_WARN_64_TO_32_BIT_CONVERSION = YES;
				GCC_WARN_ABOUT_RETURN_TYPE = YES_ERROR;
				GCC_WARN_UNDECLARED_SELECTOR = YES;
				GCC_WARN_UNINITIALIZED_AUTOS = YES_AGGRESSIVE;
				GCC_WARN_UNUSED_FUNCTION = YES;
				GCC_WARN_UNUSED_VARIABLE = YES;
				IPHONEOS_DEPLOYMENT_TARGET = 8.3;
				MTL_ENABLE_DEBUG_INFO = NO;
				SDKROOT = iphoneos;
				VALIDATE_PRODUCT = YES;
			};
			name = Release;
		};
		E93EABD01AF7E7C00099F731 /* Debug */ = {
			isa = XCBuildConfiguration;
			buildSettings = {
				ASSETCATALOG_COMPILER_APPICON_NAME = AppIcon;
				INFOPLIST_FILE = BestBikeShareAppEverBro/Info.plist;
				LD_RUNPATH_SEARCH_PATHS = "$(inherited) @executable_path/Frameworks";
				PRODUCT_NAME = "$(TARGET_NAME)";
			};
			name = Debug;
		};
		E93EABD11AF7E7C00099F731 /* Release */ = {
			isa = XCBuildConfiguration;
			buildSettings = {
				ASSETCATALOG_COMPILER_APPICON_NAME = AppIcon;
				INFOPLIST_FILE = BestBikeShareAppEverBro/Info.plist;
				LD_RUNPATH_SEARCH_PATHS = "$(inherited) @executable_path/Frameworks";
				PRODUCT_NAME = "$(TARGET_NAME)";
			};
			name = Release;
		};
		E93EABD31AF7E7C00099F731 /* Debug */ = {
			isa = XCBuildConfiguration;
			buildSettings = {
				BUNDLE_LOADER = "$(TEST_HOST)";
				FRAMEWORK_SEARCH_PATHS = (
					"$(SDKROOT)/Developer/Library/Frameworks",
					"$(inherited)",
				);
				GCC_PREPROCESSOR_DEFINITIONS = (
					"DEBUG=1",
					"$(inherited)",
				);
				INFOPLIST_FILE = BestBikeShareAppEverBroTests/Info.plist;
				LD_RUNPATH_SEARCH_PATHS = "$(inherited) @executable_path/Frameworks @loader_path/Frameworks";
				PRODUCT_NAME = "$(TARGET_NAME)";
				TEST_HOST = "$(BUILT_PRODUCTS_DIR)/BestBikeShareAppEverBro.app/BestBikeShareAppEverBro";
			};
			name = Debug;
		};
		E93EABD41AF7E7C00099F731 /* Release */ = {
			isa = XCBuildConfiguration;
			buildSettings = {
				BUNDLE_LOADER = "$(TEST_HOST)";
				FRAMEWORK_SEARCH_PATHS = (
					"$(SDKROOT)/Developer/Library/Frameworks",
					"$(inherited)",
				);
				INFOPLIST_FILE = BestBikeShareAppEverBroTests/Info.plist;
				LD_RUNPATH_SEARCH_PATHS = "$(inherited) @executable_path/Frameworks @loader_path/Frameworks";
				PRODUCT_NAME = "$(TARGET_NAME)";
				TEST_HOST = "$(BUILT_PRODUCTS_DIR)/BestBikeShareAppEverBro.app/BestBikeShareAppEverBro";
			};
			name = Release;
		};
/* End XCBuildConfiguration section */

/* Begin XCConfigurationList section */
		E93EABA41AF7E7C00099F731 /* Build configuration list for PBXProject "BestBikeShareAppEverBro" */ = {
			isa = XCConfigurationList;
			buildConfigurations = (
				E93EABCD1AF7E7C00099F731 /* Debug */,
				E93EABCE1AF7E7C00099F731 /* Release */,
			);
			defaultConfigurationIsVisible = 0;
			defaultConfigurationName = Release;
		};
		E93EABCF1AF7E7C00099F731 /* Build configuration list for PBXNativeTarget "BestBikeShareAppEverBro" */ = {
			isa = XCConfigurationList;
			buildConfigurations = (
				E93EABD01AF7E7C00099F731 /* Debug */,
				E93EABD11AF7E7C00099F731 /* Release */,
			);
			defaultConfigurationIsVisible = 0;
		};
		E93EABD21AF7E7C00099F731 /* Build configuration list for PBXNativeTarget "BestBikeShareAppEverBroTests" */ = {
			isa = XCConfigurationList;
			buildConfigurations = (
				E93EABD31AF7E7C00099F731 /* Debug */,
				E93EABD41AF7E7C00099F731 /* Release */,
			);
			defaultConfigurationIsVisible = 0;
		};
/* End XCConfigurationList section */

/* Begin XCVersionGroup section */
		E93EABB31AF7E7C00099F731 /* BestBikeShareAppEverBro.xcdatamodeld */ = {
			isa = XCVersionGroup;
			children = (
				E93EABB41AF7E7C00099F731 /* BestBikeShareAppEverBro.xcdatamodel */,
			);
			currentVersion = E93EABB41AF7E7C00099F731 /* BestBikeShareAppEverBro.xcdatamodel */;
			path = BestBikeShareAppEverBro.xcdatamodeld;
			sourceTree = "<group>";
			versionGroupType = wrapper.xcdatamodel;
		};
/* End XCVersionGroup section */
	};
	rootObject = E93EABA11AF7E7C00099F731 /* Project object */;
}
